<?xml version="1.0" encoding="utf-8"?>
<Project ToolsVersion="4.0" xmlns="http://schemas.microsoft.com/developer/msbuild/2003">
  <ItemGroup>
    <Filter Include="Services">
      <UniqueIdentifier>{7fb362a3-2eee-4ab8-90bc-56a474c3b5e0}</UniqueIdentifier>
    </Filter>
  </ItemGroup>
  <ItemGroup>
    <ClCompile Include="IOConsumer.ixx">
      <Filter>Services</Filter>
    </ClCompile>
    <ClCompile Include="iOService.cpp">
      <Filter>Services</Filter>
    </ClCompile>
    <ClCompile Include="IOService.ixx">
      <Filter>Services</Filter>
    </ClCompile>
    <ClCompile Include="Socket.ixx" />
    <ClCompile Include="Socket.cpp" />
  </ItemGroup>
</Project>