<?xml version="1.0" encoding="utf-8"?>
<Project ToolsVersion="4.0" xmlns="http://schemas.microsoft.com/developer/msbuild/2003">
  <ItemGroup>
    <ClCompile Include="StrConverter.ixx" />
    <ClCompile Include="RWLock.ixx" />
    <ClCompile Include="ServiceMode.ixx" />
    <ClCompile Include="SingleTon.ixx" />
    <ClCompile Include="Logger.ixx" />
    <ClCompile Include="ServiceMode.cpp" />
    <ClCompile Include="Logger.cpp" />
    <ClCompile Include="RWLock.cpp" />
    <ClCompile Include="CircleBufferQueue.ixx">
      <Filter>Buffers</Filter>
    </ClCompile>
    <ClCompile Include="IBuffer.ixx">
      <Filter>Buffers</Filter>
    </ClCompile>
    <ClCompile Include="Container.ixx" />
    <ClCompile Include="EventListener.ixx" />
  </ItemGroup>
  <ItemGroup>
    <Filter Include="Buffers">
      <UniqueIdentifier>{26dfa8c2-b1d9-45e8-8e1a-601fc1d3ec56}</UniqueIdentifier>
    </Filter>
  </ItemGroup>
</Project>