<?xml version="1.0" encoding="utf-8"?>
<Project ToolsVersion="4.0" xmlns="http://schemas.microsoft.com/developer/msbuild/2003">
  <ItemGroup>
    <ClCompile Include="FastPortServer.cpp" />
    <ClCompile Include="FastPortInboundSession.cpp" />
    <ClCompile Include="FastPortInboundSession.ixx" />
    <ClCompile Include="FastPortServiceMode.ixx" />
  </ItemGroup>
</Project>